
Microsoft Visual Studio Solution File, Format Version 12.00
# Visual Studio Version 17
VisualStudioVersion = 17.5.33424.131
MinimumVisualStudioVersion = 10.0.40219.1
Project("{FAE04EC0-301F-11D3-BF4B-00C04F79EFBC}") = "Exam0612", "Exam0612.csproj", "{973CEF39-F54A-4103-83A6-EAE5160924FB}"
EndProject
Global
	GlobalSection(SolutionConfigurationPlatforms) = preSolution
		Debug|Any CPU = Debug|Any CPU
		Release|Any CPU = Release|Any CPU
	EndGlobalSection
	GlobalSection(ProjectConfigurationPlatforms) = postSolution
		{973CEF39-F54A-4103-83A6-EAE5160924FB}.Debug|Any CPU.ActiveCfg = Debug|Any CPU
		{973CEF39-F54A-4103-83A6-EAE5160924FB}.Debug|Any CPU.Build.0 = Debug|Any CPU
		{973CEF39-F54A-4103-83A6-EAE5160924FB}.Release|Any CPU.ActiveCfg = Release|Any CPU
		{973CEF39-F54A-4103-83A6-EAE5160924FB}.Release|Any CPU.Build.0 = Release|Any CPU
	EndGlobalSection
	GlobalSection(SolutionProperties) = preSolution
		HideSolutionNode = FALSE
	EndGlobalSection
	GlobalSection(ExtensibilityGlobals) = postSolution
		SolutionGuid = {3AA1BB11-9BA4-4285-90A6-B65CE50109B4}
	EndGlobalSection
EndGlobal
